
Microsoft Visual Studio Solution File, Format Version 12.00
Project("{FAE04EC0-301F-11D3-BF4B-00C04F79EFBC}") = "web-api", "code\web-api\web-api.csproj", "{25D06683-6D3D-46B6-9443-995918AA6D60}"
EndProject
Project("{2150E333-8FDC-42A3-9474-1A3956D46DE8}") = "code", "code", "{548082BB-C75B-4074-960D-10FFD4182268}"
EndProject
Project("{2150E333-8FDC-42A3-9474-1A3956D46DE8}") = "tests", "tests", "{A6B45A43-9E44-48ED-84BE-3CC565FCA6F8}"
EndProject
Project("{FAE04EC0-301F-11D3-BF4B-00C04F79EFBC}") = "domain", "code\domain\domain.csproj", "{E503DE18-BC78-4A81-8B50-2EE753CAAD30}"
EndProject
Project("{FAE04EC0-301F-11D3-BF4B-00C04F79EFBC}") = "application", "code\application\application.csproj", "{61A7A681-9D21-45B5-8BD5-DF0008A5A9CC}"
EndProject
Project("{FAE04EC0-301F-11D3-BF4B-00C04F79EFBC}") = "application.contracts", "code\application.contracts\application.contracts.csproj", "{84EFC67A-592D-4629-9FA3-9D880C8A86D6}"
EndProject
Project("{FAE04EC0-301F-11D3-BF4B-00C04F79EFBC}") = "web-api.tests", "tests\web-api.tests\web-api.tests.csproj", "{0971C775-7EB9-487E-BEB1-F65BC47863F3}"
EndProject
Project("{FAE04EC0-301F-11D3-BF4B-00C04F79EFBC}") = "messaging.contracts", "code\messaging.contracts\messaging.contracts.csproj", "{C1EC5496-BD45-4530-8C8F-A955B6D9EB3B}"
EndProject
Project("{FAE04EC0-301F-11D3-BF4B-00C04F79EFBC}") = "messaging", "code\messaging\messaging.csproj", "{F97EC53D-5680-4ED9-8961-1E22B0EB8DFE}"
EndProject
Project("{FAE04EC0-301F-11D3-BF4B-00C04F79EFBC}") = "infrastructure", "code\infrastructure\infrastructure.csproj", "{97D17891-9250-44F7-B643-0278766C1AF8}"
EndProject
Project("{FAE04EC0-301F-11D3-BF4B-00C04F79EFBC}") = "application.tests", "tests\application.tests\application.tests.csproj", "{B45ABB9B-634E-4B44-9C76-075EF7810A36}"
EndProject
Global
	GlobalSection(SolutionConfigurationPlatforms) = preSolution
		Debug|Any CPU = Debug|Any CPU
		Release|Any CPU = Release|Any CPU
	EndGlobalSection
	GlobalSection(ProjectConfigurationPlatforms) = postSolution
		{25D06683-6D3D-46B6-9443-995918AA6D60}.Debug|Any CPU.ActiveCfg = Debug|Any CPU
		{25D06683-6D3D-46B6-9443-995918AA6D60}.Debug|Any CPU.Build.0 = Debug|Any CPU
		{25D06683-6D3D-46B6-9443-995918AA6D60}.Release|Any CPU.ActiveCfg = Release|Any CPU
		{25D06683-6D3D-46B6-9443-995918AA6D60}.Release|Any CPU.Build.0 = Release|Any CPU
		{E503DE18-BC78-4A81-8B50-2EE753CAAD30}.Debug|Any CPU.ActiveCfg = Debug|Any CPU
		{E503DE18-BC78-4A81-8B50-2EE753CAAD30}.Debug|Any CPU.Build.0 = Debug|Any CPU
		{E503DE18-BC78-4A81-8B50-2EE753CAAD30}.Release|Any CPU.ActiveCfg = Release|Any CPU
		{E503DE18-BC78-4A81-8B50-2EE753CAAD30}.Release|Any CPU.Build.0 = Release|Any CPU
		{61A7A681-9D21-45B5-8BD5-DF0008A5A9CC}.Debug|Any CPU.ActiveCfg = Debug|Any CPU
		{61A7A681-9D21-45B5-8BD5-DF0008A5A9CC}.Debug|Any CPU.Build.0 = Debug|Any CPU
		{61A7A681-9D21-45B5-8BD5-DF0008A5A9CC}.Release|Any CPU.ActiveCfg = Release|Any CPU
		{61A7A681-9D21-45B5-8BD5-DF0008A5A9CC}.Release|Any CPU.Build.0 = Release|Any CPU
		{84EFC67A-592D-4629-9FA3-9D880C8A86D6}.Debug|Any CPU.ActiveCfg = Debug|Any CPU
		{84EFC67A-592D-4629-9FA3-9D880C8A86D6}.Debug|Any CPU.Build.0 = Debug|Any CPU
		{84EFC67A-592D-4629-9FA3-9D880C8A86D6}.Release|Any CPU.ActiveCfg = Release|Any CPU
		{84EFC67A-592D-4629-9FA3-9D880C8A86D6}.Release|Any CPU.Build.0 = Release|Any CPU
		{0971C775-7EB9-487E-BEB1-F65BC47863F3}.Debug|Any CPU.ActiveCfg = Debug|Any CPU
		{0971C775-7EB9-487E-BEB1-F65BC47863F3}.Debug|Any CPU.Build.0 = Debug|Any CPU
		{0971C775-7EB9-487E-BEB1-F65BC47863F3}.Release|Any CPU.ActiveCfg = Release|Any CPU
		{0971C775-7EB9-487E-BEB1-F65BC47863F3}.Release|Any CPU.Build.0 = Release|Any CPU
		{C1EC5496-BD45-4530-8C8F-A955B6D9EB3B}.Debug|Any CPU.ActiveCfg = Debug|Any CPU
		{C1EC5496-BD45-4530-8C8F-A955B6D9EB3B}.Debug|Any CPU.Build.0 = Debug|Any CPU
		{C1EC5496-BD45-4530-8C8F-A955B6D9EB3B}.Release|Any CPU.ActiveCfg = Release|Any CPU
		{C1EC5496-BD45-4530-8C8F-A955B6D9EB3B}.Release|Any CPU.Build.0 = Release|Any CPU
		{F97EC53D-5680-4ED9-8961-1E22B0EB8DFE}.Debug|Any CPU.ActiveCfg = Debug|Any CPU
		{F97EC53D-5680-4ED9-8961-1E22B0EB8DFE}.Debug|Any CPU.Build.0 = Debug|Any CPU
		{F97EC53D-5680-4ED9-8961-1E22B0EB8DFE}.Release|Any CPU.ActiveCfg = Release|Any CPU
		{F97EC53D-5680-4ED9-8961-1E22B0EB8DFE}.Release|Any CPU.Build.0 = Release|Any CPU
		{97D17891-9250-44F7-B643-0278766C1AF8}.Debug|Any CPU.ActiveCfg = Debug|Any CPU
		{97D17891-9250-44F7-B643-0278766C1AF8}.Debug|Any CPU.Build.0 = Debug|Any CPU
		{97D17891-9250-44F7-B643-0278766C1AF8}.Release|Any CPU.ActiveCfg = Release|Any CPU
		{97D17891-9250-44F7-B643-0278766C1AF8}.Release|Any CPU.Build.0 = Release|Any CPU
		{B45ABB9B-634E-4B44-9C76-075EF7810A36}.Debug|Any CPU.ActiveCfg = Debug|Any CPU
		{B45ABB9B-634E-4B44-9C76-075EF7810A36}.Debug|Any CPU.Build.0 = Debug|Any CPU
		{B45ABB9B-634E-4B44-9C76-075EF7810A36}.Release|Any CPU.ActiveCfg = Release|Any CPU
		{B45ABB9B-634E-4B44-9C76-075EF7810A36}.Release|Any CPU.Build.0 = Release|Any CPU
	EndGlobalSection
	GlobalSection(NestedProjects) = preSolution
		{25D06683-6D3D-46B6-9443-995918AA6D60} = {548082BB-C75B-4074-960D-10FFD4182268}
		{E503DE18-BC78-4A81-8B50-2EE753CAAD30} = {548082BB-C75B-4074-960D-10FFD4182268}
		{61A7A681-9D21-45B5-8BD5-DF0008A5A9CC} = {548082BB-C75B-4074-960D-10FFD4182268}
		{84EFC67A-592D-4629-9FA3-9D880C8A86D6} = {548082BB-C75B-4074-960D-10FFD4182268}
		{0971C775-7EB9-487E-BEB1-F65BC47863F3} = {A6B45A43-9E44-48ED-84BE-3CC565FCA6F8}
		{C1EC5496-BD45-4530-8C8F-A955B6D9EB3B} = {548082BB-C75B-4074-960D-10FFD4182268}
		{F97EC53D-5680-4ED9-8961-1E22B0EB8DFE} = {548082BB-C75B-4074-960D-10FFD4182268}
		{97D17891-9250-44F7-B643-0278766C1AF8} = {548082BB-C75B-4074-960D-10FFD4182268}
		{B45ABB9B-634E-4B44-9C76-075EF7810A36} = {A6B45A43-9E44-48ED-84BE-3CC565FCA6F8}
	EndGlobalSection
EndGlobal
